
Microsoft Visual Studio Solution File, Format Version 12.00
# Visual Studio Version 17
VisualStudioVersion = 17.6.33723.286
MinimumVisualStudioVersion = 10.0.40219.1
Project("{FAE04EC0-301F-11D3-BF4B-00C04F79EFBC}") = "Nathaniel_ArrayOfSalariesApp", "Nathaniel_ArrayOfSalariesApp\Nathaniel_ArrayOfSalariesApp.csproj", "{DC67DB46-9B88-40E7-9511-567D45E0260A}"
EndProject
Global
	GlobalSection(SolutionConfigurationPlatforms) = preSolution
		Debug|Any CPU = Debug|Any CPU
		Release|Any CPU = Release|Any CPU
	EndGlobalSection
	GlobalSection(ProjectConfigurationPlatforms) = postSolution
		{DC67DB46-9B88-40E7-9511-567D45E0260A}.Debug|Any CPU.ActiveCfg = Debug|Any CPU
		{DC67DB46-9B88-40E7-9511-567D45E0260A}.Debug|Any CPU.Build.0 = Debug|Any CPU
		{DC67DB46-9B88-40E7-9511-567D45E0260A}.Release|Any CPU.ActiveCfg = Release|Any CPU
		{DC67DB46-9B88-40E7-9511-567D45E0260A}.Release|Any CPU.Build.0 = Release|Any CPU
	EndGlobalSection
	GlobalSection(SolutionProperties) = preSolution
		HideSolutionNode = FALSE
	EndGlobalSection
	GlobalSection(ExtensibilityGlobals) = postSolution
		SolutionGuid = {775752C0-C835-449A-848E-466F6B839B73}
	EndGlobalSection
EndGlobal
